{
  "name": "hello",
  "version": "1.0.0",
  "lockfileVersion": 1,
  "requires": true,
  "dependencies": {
    "omuen": {
      "version": "0.0.20",
      "resolved": "https://registry.npmjs.org/omuen/-/omuen-0.0.20.tgz",
      "integrity": "sha1-nx8sHEnKWJYAzRiPRx3Si9xfuxM="
    }
  }
}
